
Microsoft Visual Studio Solution File, Format Version 12.00
# Visual Studio 2012
Project("{FAE04EC0-301F-11D3-BF4B-00C04F79EFBC}") = "SampleApplication", "SampleApplication\SampleApplication.csproj", "{84F6DE21-34E2-4697-85B3-D0E5F3519252}"
EndProject
Global
	GlobalSection(SolutionConfigurationPlatforms) = preSolution
		Debug|Any CPU = Debug|Any CPU
		Release|Any CPU = Release|Any CPU
	EndGlobalSection
	GlobalSection(ProjectConfigurationPlatforms) = postSolution
		{84F6DE21-34E2-4697-85B3-D0E5F3519252}.Debug|Any CPU.ActiveCfg = Debug|Any CPU
		{84F6DE21-34E2-4697-85B3-D0E5F3519252}.Debug|Any CPU.Build.0 = Debug|Any CPU
		{84F6DE21-34E2-4697-85B3-D0E5F3519252}.Release|Any CPU.ActiveCfg = Release|Any CPU
		{84F6DE21-34E2-4697-85B3-D0E5F3519252}.Release|Any CPU.Build.0 = Release|Any CPU
	EndGlobalSection
	GlobalSection(SolutionProperties) = preSolution
		HideSolutionNode = FALSE
	EndGlobalSection
EndGlobal
